
Microsoft Visual Studio Solution File, Format Version 12.00
# Visual Studio Version 16
VisualStudioVersion = 16.0.29215.179
MinimumVisualStudioVersion = 10.0.40219.1
Project("{FAE04EC0-301F-11D3-BF4B-00C04F79EFBC}") = "StoredProcSchema", "StoredProcSchema\StoredProcSchema.csproj", "{630243B5-AE6C-469E-B5A0-23884D8E44A0}"
EndProject
Global
	GlobalSection(SolutionConfigurationPlatforms) = preSolution
		Debug|Any CPU = Debug|Any CPU
		Release|Any CPU = Release|Any CPU
	EndGlobalSection
	GlobalSection(ProjectConfigurationPlatforms) = postSolution
		{630243B5-AE6C-469E-B5A0-23884D8E44A0}.Debug|Any CPU.ActiveCfg = Debug|Any CPU
		{630243B5-AE6C-469E-B5A0-23884D8E44A0}.Debug|Any CPU.Build.0 = Debug|Any CPU
		{630243B5-AE6C-469E-B5A0-23884D8E44A0}.Release|Any CPU.ActiveCfg = Release|Any CPU
		{630243B5-AE6C-469E-B5A0-23884D8E44A0}.Release|Any CPU.Build.0 = Release|Any CPU
	EndGlobalSection
	GlobalSection(SolutionProperties) = preSolution
		HideSolutionNode = FALSE
	EndGlobalSection
	GlobalSection(ExtensibilityGlobals) = postSolution
		SolutionGuid = {6C12F727-643C-48A1-9846-E2EA6C2E3D55}
	EndGlobalSection
EndGlobal
